// !$*UTF8*$!
{
	archiveVersion = 1;
	classes = {
	};
	objectVersion = 46;
	objects = {

/* Begin PBXBuildFile section */
		C61D9D091D2A967200AB9B5D /* AppDelegate.swift in Sources */ = {isa = PBXBuildFile; fileRef = C61D9D081D2A967200AB9B5D /* AppDelegate.swift */; };
		C61D9D0B1D2A967200AB9B5D /* ListViewController.swift in Sources */ = {isa = PBXBuildFile; fileRef = C61D9D0A1D2A967200AB9B5D /* ListViewController.swift */; };
		C61D9D0E1D2A967200AB9B5D /* Main.storyboard in Resources */ = {isa = PBXBuildFile; fileRef = C61D9D0C1D2A967200AB9B5D /* Main.storyboard */; };
		C61D9D111D2A967200AB9B5D /* PlayYourMusic.xcdatamodeld in Sources */ = {isa = PBXBuildFile; fileRef = C61D9D0F1D2A967200AB9B5D /* PlayYourMusic.xcdatamodeld */; };
		C61D9D131D2A967200AB9B5D /* Assets.xcassets in Resources */ = {isa = PBXBuildFile; fileRef = C61D9D121D2A967200AB9B5D /* Assets.xcassets */; };
		C61D9D161D2A967200AB9B5D /* LaunchScreen.storyboard in Resources */ = {isa = PBXBuildFile; fileRef = C61D9D141D2A967200AB9B5D /* LaunchScreen.storyboard */; };
		C61D9D1E1D2A968F00AB9B5D /* Soundtrack.swift in Sources */ = {isa = PBXBuildFile; fileRef = C61D9D1D1D2A968F00AB9B5D /* Soundtrack.swift */; };
		C61D9D201D2A9E0000AB9B5D /* SoundtrackGetter.swift in Sources */ = {isa = PBXBuildFile; fileRef = C61D9D1F1D2A9E0000AB9B5D /* SoundtrackGetter.swift */; };
		C61ECC5C1D2CE36400FC1E59 /* SoundtrackCell.swift in Sources */ = {isa = PBXBuildFile; fileRef = C61ECC5B1D2CE36400FC1E59 /* SoundtrackCell.swift */; };
/* End PBXBuildFile section */

/* Begin PBXFileReference section */
		C61D9D051D2A967200AB9B5D /* PlayYourMusic.app */ = {isa = PBXFileReference; explicitFileType = wrapper.application; includeInIndex = 0; path = PlayYourMusic.app; sourceTree = BUILT_PRODUCTS_DIR; };
		C61D9D081D2A967200AB9B5D /* AppDelegate.swift */ = {isa = PBXFileReference; lastKnownFileType = sourcecode.swift; path = AppDelegate.swift; sourceTree = "<group>"; };
		C61D9D0A1D2A967200AB9B5D /* ListViewController.swift */ = {isa = PBXFileReference; lastKnownFileType = sourcecode.swift; path = ListViewController.swift; sourceTree = "<group>"; };
		C61D9D0D1D2A967200AB9B5D /* Base */ = {isa = PBXFileReference; lastKnownFileType = file.storyboard; name = Base; path = Base.lproj/Main.storyboard; sourceTree = "<group>"; };
		C61D9D101D2A967200AB9B5D /* PlayYourMusic.xcdatamodel */ = {isa = PBXFileReference; lastKnownFileType = wrapper.xcdatamodel; path = PlayYourMusic.xcdatamodel; sourceTree = "<group>"; };
		C61D9D121D2A967200AB9B5D /* Assets.xcassets */ = {isa = PBXFileReference; lastKnownFileType = folder.assetcatalog; path = Assets.xcassets; sourceTree = "<group>"; };
		C61D9D151D2A967200AB9B5D /* Base */ = {isa = PBXFileReference; lastKnownFileType = file.storyboard; name = Base; path = Base.lproj/LaunchScreen.storyboard; sourceTree = "<group>"; };
		C61D9D171D2A967200AB9B5D /* Info.plist */ = {isa = PBXFileReference; lastKnownFileType = text.plist.xml; path = Info.plist; sourceTree = "<group>"; };
		C61D9D1D1D2A968F00AB9B5D /* Soundtrack.swift */ = {isa = PBXFileReference; fileEncoding = 4; lastKnownFileType = sourcecode.swift; path = Soundtrack.swift; sourceTree = "<group>"; };
		C61D9D1F1D2A9E0000AB9B5D /* SoundtrackGetter.swift */ = {isa = PBXFileReference; fileEncoding = 4; lastKnownFileType = sourcecode.swift; path = SoundtrackGetter.swift; sourceTree = "<group>"; };
		C61ECC5B1D2CE36400FC1E59 /* SoundtrackCell.swift */ = {isa = PBXFileReference; fileEncoding = 4; lastKnownFileType = sourcecode.swift; path = SoundtrackCell.swift; sourceTree = "<group>"; };
/* End PBXFileReference section */

/* Begin PBXFrameworksBuildPhase section */
		C61D9D021D2A967200AB9B5D /* Frameworks */ = {
			isa = PBXFrameworksBuildPhase;
			buildActionMask = 2147483647;
			files = (
			);
			runOnlyForDeploymentPostprocessing = 0;
		};
/* End PBXFrameworksBuildPhase section */

/* Begin PBXGroup section */
		C61D9CFC1D2A967200AB9B5D = {
			isa = PBXGroup;
			children = (
				C61D9D071D2A967200AB9B5D /* PlayYourMusic */,
				C61D9D061D2A967200AB9B5D /* Products */,
			);
			sourceTree = "<group>";
		};
		C61D9D061D2A967200AB9B5D /* Products */ = {
			isa = PBXGroup;
			children = (
				C61D9D051D2A967200AB9B5D /* PlayYourMusic.app */,
			);
			name = Products;
			sourceTree = "<group>";
		};
		C61D9D071D2A967200AB9B5D /* PlayYourMusic */ = {
			isa = PBXGroup;
			children = (
				C61D9D081D2A967200AB9B5D /* AppDelegate.swift */,
				C61D9D0A1D2A967200AB9B5D /* ListViewController.swift */,
				C61D9D1D1D2A968F00AB9B5D /* Soundtrack.swift */,
				C61D9D1F1D2A9E0000AB9B5D /* SoundtrackGetter.swift */,
				C61ECC5B1D2CE36400FC1E59 /* SoundtrackCell.swift */,
				C61D9D0C1D2A967200AB9B5D /* Main.storyboard */,
				C61D9D121D2A967200AB9B5D /* Assets.xcassets */,
				C61D9D141D2A967200AB9B5D /* LaunchScreen.storyboard */,
				C61D9D171D2A967200AB9B5D /* Info.plist */,
				C61D9D0F1D2A967200AB9B5D /* PlayYourMusic.xcdatamodeld */,
			);
			path = PlayYourMusic;
			sourceTree = "<group>";
		};
/* End PBXGroup section */

/* Begin PBXNativeTarget section */
		C61D9D041D2A967200AB9B5D /* PlayYourMusic */ = {
			isa = PBXNativeTarget;
			buildConfigurationList = C61D9D1A1D2A967200AB9B5D /* Build configuration list for PBXNativeTarget "PlayYourMusic" */;
			buildPhases = (
				C61D9D011D2A967200AB9B5D /* Sources */,
				C61D9D021D2A967200AB9B5D /* Frameworks */,
				C61D9D031D2A967200AB9B5D /* Resources */,
			);
			buildRules = (
			);
			dependencies = (
			);
			name = PlayYourMusic;
			productName = PlayYourMusic;
			productReference = C61D9D051D2A967200AB9B5D /* PlayYourMusic.app */;
			productType = "com.apple.product-type.application";
		};
/* End PBXNativeTarget section */

/* Begin PBXProject section */
		C61D9CFD1D2A967200AB9B5D /* Project object */ = {
			isa = PBXProject;
			attributes = {
				LastSwiftUpdateCheck = 0730;
				LastUpgradeCheck = 0730;
				ORGANIZATIONNAME = "Linh Tran";
				TargetAttributes = {
					C61D9D041D2A967200AB9B5D = {
						CreatedOnToolsVersion = 7.3.1;
						DevelopmentTeam = Z77TRD3FWC;
					};
				};
			};
			buildConfigurationList = C61D9D001D2A967200AB9B5D /* Build configuration list for PBXProject "PlayYourMusic" */;
			compatibilityVersion = "Xcode 3.2";
			developmentRegion = English;
			hasScannedForEncodings = 0;
			knownRegions = (
				en,
				Base,
			);
			mainGroup = C61D9CFC1D2A967200AB9B5D;
			productRefGroup = C61D9D061D2A967200AB9B5D /* Products */;
			projectDirPath = "";
			projectRoot = "";
			targets = (
				C61D9D041D2A967200AB9B5D /* PlayYourMusic */,
			);
		};
/* End PBXProject section */

/* Begin PBXResourcesBuildPhase section */
		C61D9D031D2A967200AB9B5D /* Resources */ = {
			isa = PBXResourcesBuildPhase;
			buildActionMask = 2147483647;
			files = (
				C61D9D161D2A967200AB9B5D /* LaunchScreen.storyboard in Resources */,
				C61D9D131D2A967200AB9B5D /* Assets.xcassets in Resources */,
				C61D9D0E1D2A967200AB9B5D /* Main.storyboard in Resources */,
			);
			runOnlyForDeploymentPostprocessing = 0;
		};
/* End PBXResourcesBuildPhase section */

/* Begin PBXSourcesBuildPhase section */
		C61D9D011D2A967200AB9B5D /* Sources */ = {
			isa = PBXSourcesBuildPhase;
			buildActionMask = 2147483647;
			files = (
				C61D9D0B1D2A967200AB9B5D /* ListViewController.swift in Sources */,
				C61D9D201D2A9E0000AB9B5D /* SoundtrackGetter.swift in Sources */,
				C61D9D1E1D2A968F00AB9B5D /* Soundtrack.swift in Sources */,
				C61D9D091D2A967200AB9B5D /* AppDelegate.swift in Sources */,
				C61D9D111D2A967200AB9B5D /* PlayYourMusic.xcdatamodeld in Sources */,
				C61ECC5C1D2CE36400FC1E59 /* SoundtrackCell.swift in Sources */,
			);
			runOnlyForDeploymentPostprocessing = 0;
		};
/* End PBXSourcesBuildPhase section */

/* Begin PBXVariantGroup section */
		C61D9D0C1D2A967200AB9B5D /* Main.storyboard */ = {
			isa = PBXVariantGroup;
			children = (
				C61D9D0D1D2A967200AB9B5D /* Base */,
			);
			name = Main.storyboard;
			sourceTree = "<group>";
		};
		C61D9D141D2A967200AB9B5D /* LaunchScreen.storyboard */ = {
			isa = PBXVariantGroup;
			children = (
				C61D9D151D2A967200AB9B5D /* Base */,
			);
			name = LaunchScreen.storyboard;
			sourceTree = "<group>";
		};
/* End PBXVariantGroup section */

/* Begin XCBuildConfiguration section */
		C61D9D181D2A967200AB9B5D /* Debug */ = {
			isa = XCBuildConfiguration;
			buildSettings = {
				ALWAYS_SEARCH_USER_PATHS = NO;
				CLANG_ANALYZER_NONNULL = YES;
				CLANG_CXX_LANGUAGE_STANDARD = "gnu++0x";
				CLANG_CXX_LIBRARY = "libc++";
				CLANG_ENABLE_MODULES = YES;
				CLANG_ENABLE_OBJC_ARC = YES;
				CLANG_WARN_BOOL_CONVERSION = YES;
				CLANG_WARN_CONSTANT_CONVERSION = YES;
				CLANG_WARN_DIRECT_OBJC_ISA_USAGE = YES_ERROR;
				CLANG_WARN_EMPTY_BODY = YES;
				CLANG_WARN_ENUM_CONVERSION = YES;
				CLANG_WARN_INT_CONVERSION = YES;
				CLANG_WARN_OBJC_ROOT_CLASS = YES_ERROR;
				CLANG_WARN_UNREACHABLE_CODE = YES;
				CLANG_WARN__DUPLICATE_METHOD_MATCH = YES;
				"CODE_SIGN_IDENTITY[sdk=iphoneos*]" = "iPhone Developer";
				COPY_PHASE_STRIP = NO;
				DEBUG_INFORMATION_FORMAT = dwarf;
				ENABLE_STRICT_OBJC_MSGSEND = YES;
				ENABLE_TESTABILITY = YES;
				GCC_C_LANGUAGE_STANDARD = gnu99;
				GCC_DYNAMIC_NO_PIC = NO;
				GCC_NO_COMMON_BLOCKS = YES;
				GCC_OPTIMIZATION_LEVEL = 0;
				GCC_PREPROCESSOR_DEFINITIONS = (
					"DEBUG=1",
					"$(inherited)",
				);
				GCC_WARN_64_TO_32_BIT_CONVERSION = YES;
				GCC_WARN_ABOUT_RETURN_TYPE = YES_ERROR;
				GCC_WARN_UNDECLARED_SELECTOR = YES;
				GCC_WARN_UNINITIALIZED_AUTOS = YES_AGGRESSIVE;
				GCC_WARN_UNUSED_FUNCTION = YES;
				GCC_WARN_UNUSED_VARIABLE = YES;
				IPHONEOS_DEPLOYMENT_TARGET = 9.3;
				MTL_ENABLE_DEBUG_INFO = YES;
				ONLY_ACTIVE_ARCH = YES;
				SDKROOT = iphoneos;
				SWIFT_OPTIMIZATION_LEVEL = "-Onone";
				TARGETED_DEVICE_FAMILY = "1,2";
			};
			name = Debug;
		};
		C61D9D191D2A967200AB9B5D /* Release */ = {
			isa = XCBuildConfiguration;
			buildSettings = {
				ALWAYS_SEARCH_USER_PATHS = NO;
				CLANG_ANALYZER_NONNULL = YES;
				CLANG_CXX_LANGUAGE_STANDARD = "gnu++0x";
				CLANG_CXX_LIBRARY = "libc++";
				CLANG_ENABLE_MODULES = YES;
				CLANG_ENABLE_OBJC_ARC = YES;
				CLANG_WARN_BOOL_CONVERSION = YES;
				CLANG_WARN_CONSTANT_CONVERSION = YES;
				CLANG_WARN_DIRECT_OBJC_ISA_USAGE = YES_ERROR;
				CLANG_WARN_EMPTY_BODY = YES;
				CLANG_WARN_ENUM_CONVERSION = YES;
				CLANG_WARN_INT_CONVERSION = YES;
				CLANG_WARN_OBJC_ROOT_CLASS = YES_ERROR;
				CLANG_WARN_UNREACHABLE_CODE = YES;
				CLANG_WARN__DUPLICATE_METHOD_MATCH = YES;
				"CODE_SIGN_IDENTITY[sdk=iphoneos*]" = "iPhone Developer";
				COPY_PHASE_STRIP = NO;
				DEBUG_INFORMATION_FORMAT = "dwarf-with-dsym";
				ENABLE_NS_ASSERTIONS = NO;
				ENABLE_STRICT_OBJC_MSGSEND = YES;
				GCC_C_LANGUAGE_STANDARD = gnu99;
				GCC_NO_COMMON_BLOCKS = YES;
				GCC_WARN_64_TO_32_BIT_CONVERSION = YES;
				GCC_WARN_ABOUT_RETURN_TYPE = YES_ERROR;
				GCC_WARN_UNDECLARED_SELECTOR = YES;
				GCC_WARN_UNINITIALIZED_AUTOS = YES_AGGRESSIVE;
				GCC_WARN_UNUSED_FUNCTION = YES;
				GCC_WARN_UNUSED_VARIABLE = YES;
				IPHONEOS_DEPLOYMENT_TARGET = 9.3;
				MTL_ENABLE_DEBUG_INFO = NO;
				SDKROOT = iphoneos;
				TARGETED_DEVICE_FAMILY = "1,2";
				VALIDATE_PRODUCT = YES;
			};
			name = Release;
		};
		C61D9D1B1D2A967200AB9B5D /* Debug */ = {
			isa = XCBuildConfiguration;
			buildSettings = {
				ASSETCATALOG_COMPILER_APPICON_NAME = AppIcon;
				CODE_SIGN_IDENTITY = "iPhone Developer";
				INFOPLIST_FILE = PlayYourMusic/Info.plist;
				LD_RUNPATH_SEARCH_PATHS = "$(inherited) @executable_path/Frameworks";
				PRODUCT_BUNDLE_IDENTIFIER = com.LinhTran.PlayYourMusic;
				PRODUCT_NAME = "$(TARGET_NAME)";
			};
			name = Debug;
		};
		C61D9D1C1D2A967200AB9B5D /* Release */ = {
			isa = XCBuildConfiguration;
			buildSettings = {
				ASSETCATALOG_COMPILER_APPICON_NAME = AppIcon;
				CODE_SIGN_IDENTITY = "iPhone Developer";
				INFOPLIST_FILE = PlayYourMusic/Info.plist;
				LD_RUNPATH_SEARCH_PATHS = "$(inherited) @executable_path/Frameworks";
				PRODUCT_BUNDLE_IDENTIFIER = com.LinhTran.PlayYourMusic;
				PRODUCT_NAME = "$(TARGET_NAME)";
			};
			name = Release;
		};
/* End XCBuildConfiguration section */

/* Begin XCConfigurationList section */
		C61D9D001D2A967200AB9B5D /* Build configuration list for PBXProject "PlayYourMusic" */ = {
			isa = XCConfigurationList;
			buildConfigurations = (
				C61D9D181D2A967200AB9B5D /* Debug */,
				C61D9D191D2A967200AB9B5D /* Release */,
			);
			defaultConfigurationIsVisible = 0;
			defaultConfigurationName = Release;
		};
		C61D9D1A1D2A967200AB9B5D /* Build configuration list for PBXNativeTarget "PlayYourMusic" */ = {
			isa = XCConfigurationList;
			buildConfigurations = (
				C61D9D1B1D2A967200AB9B5D /* Debug */,
				C61D9D1C1D2A967200AB9B5D /* Release */,
			);
			defaultConfigurationIsVisible = 0;
			defaultConfigurationName = Release;
		};
/* End XCConfigurationList section */

/* Begin XCVersionGroup section */
		C61D9D0F1D2A967200AB9B5D /* PlayYourMusic.xcdatamodeld */ = {
			isa = XCVersionGroup;
			children = (
				C61D9D101D2A967200AB9B5D /* PlayYourMusic.xcdatamodel */,
			);
			currentVersion = C61D9D101D2A967200AB9B5D /* PlayYourMusic.xcdatamodel */;
			path = PlayYourMusic.xcdatamodeld;
			sourceTree = "<group>";
			versionGroupType = wrapper.xcdatamodel;
		};
/* End XCVersionGroup section */
	};
	rootObject = C61D9CFD1D2A967200AB9B5D /* Project object */;
}
